
Microsoft Visual Studio Solution File, Format Version 12.00
# Visual Studio Version 17
VisualStudioVersion = 17.13.35818.85
MinimumVisualStudioVersion = 10.0.40219.1
Project("{FAE04EC0-301F-11D3-BF4B-00C04F79EFBC}") = "formes_geometriques_Titouan", "formes_geometriques_Titouan.csproj", "{DB49889B-6ABD-452E-AB86-2FFF582B865C}"
EndProject
Project("{FAE04EC0-301F-11D3-BF4B-00C04F79EFBC}") = "Tests_formes_geometrique", "..\Tests_formes_geometrique\Tests_formes_geometrique.csproj", "{A4BF77CD-7DD3-4985-ACB3-FDA5ED77F1D6}"
EndProject
Global
	GlobalSection(SolutionConfigurationPlatforms) = preSolution
		Debug|Any CPU = Debug|Any CPU
		Release|Any CPU = Release|Any CPU
	EndGlobalSection
	GlobalSection(ProjectConfigurationPlatforms) = postSolution
		{DB49889B-6ABD-452E-AB86-2FFF582B865C}.Debug|Any CPU.ActiveCfg = Debug|Any CPU
		{DB49889B-6ABD-452E-AB86-2FFF582B865C}.Debug|Any CPU.Build.0 = Debug|Any CPU
		{DB49889B-6ABD-452E-AB86-2FFF582B865C}.Release|Any CPU.ActiveCfg = Release|Any CPU
		{DB49889B-6ABD-452E-AB86-2FFF582B865C}.Release|Any CPU.Build.0 = Release|Any CPU
		{A4BF77CD-7DD3-4985-ACB3-FDA5ED77F1D6}.Debug|Any CPU.ActiveCfg = Debug|Any CPU
		{A4BF77CD-7DD3-4985-ACB3-FDA5ED77F1D6}.Debug|Any CPU.Build.0 = Debug|Any CPU
		{A4BF77CD-7DD3-4985-ACB3-FDA5ED77F1D6}.Release|Any CPU.ActiveCfg = Release|Any CPU
		{A4BF77CD-7DD3-4985-ACB3-FDA5ED77F1D6}.Release|Any CPU.Build.0 = Release|Any CPU
	EndGlobalSection
	GlobalSection(SolutionProperties) = preSolution
		HideSolutionNode = FALSE
	EndGlobalSection
	GlobalSection(ExtensibilityGlobals) = postSolution
		SolutionGuid = {4F4D0293-E095-49DA-84EB-389E0063A604}
	EndGlobalSection
EndGlobal
